{
  "name": "ts",
  "version": "1.0.0",
  "lockfileVersion": 1,
  "requires": true,
  "dependencies": {
    "@types/stripe-v3": {
      "version": "3.0.8",
      "resolved": "https://registry.npmjs.org/@types/stripe-v3/-/stripe-v3-3.0.8.tgz",
      "integrity": "sha512-66qa6x17+HCqc/tRTwYqSOYHsSAoGPAr4gLJFIQwY/em1JjePDXa2lcBqB3mUrVuMhFyn/CP4fJy2yIE6gwqjw=="
    }
  }
}
